
Microsoft Visual Studio Solution File, Format Version 12.00
# Visual Studio Version 17
VisualStudioVersion = 17.1.32319.34
MinimumVisualStudioVersion = 10.0.40219.1
Project("{FAE04EC0-301F-11D3-BF4B-00C04F79EFBC}") = "Simplex_Method", "Simplex_Method\Simplex_Method.csproj", "{20CA9958-A736-4455-9523-9595C0DBD930}"
EndProject
Global
	GlobalSection(SolutionConfigurationPlatforms) = preSolution
		Debug|Any CPU = Debug|Any CPU
		Release|Any CPU = Release|Any CPU
	EndGlobalSection
	GlobalSection(ProjectConfigurationPlatforms) = postSolution
		{20CA9958-A736-4455-9523-9595C0DBD930}.Debug|Any CPU.ActiveCfg = Debug|Any CPU
		{20CA9958-A736-4455-9523-9595C0DBD930}.Debug|Any CPU.Build.0 = Debug|Any CPU
		{20CA9958-A736-4455-9523-9595C0DBD930}.Release|Any CPU.ActiveCfg = Release|Any CPU
		{20CA9958-A736-4455-9523-9595C0DBD930}.Release|Any CPU.Build.0 = Release|Any CPU
	EndGlobalSection
	GlobalSection(SolutionProperties) = preSolution
		HideSolutionNode = FALSE
	EndGlobalSection
	GlobalSection(ExtensibilityGlobals) = postSolution
		SolutionGuid = {1D9CC353-7172-4176-BBF1-223E9602C827}
	EndGlobalSection
EndGlobal
